// !$*UTF8*$!
{
	archiveVersion = 1;
	classes = {
	};
	objectVersion = 46;
	objects = {

/* Begin PBXBuildFile section */
		180913121F7EAADE00970F86 /* AppDelegate.swift in Sources */ = {isa = PBXBuildFile; fileRef = 180913111F7EAADE00970F86 /* AppDelegate.swift */; };
		180913141F7EAADE00970F86 /* ViewController.swift in Sources */ = {isa = PBXBuildFile; fileRef = 180913131F7EAADE00970F86 /* ViewController.swift */; };
		180913171F7EAADE00970F86 /* Main.storyboard in Resources */ = {isa = PBXBuildFile; fileRef = 180913151F7EAADE00970F86 /* Main.storyboard */; };
		180913191F7EAADE00970F86 /* Assets.xcassets in Resources */ = {isa = PBXBuildFile; fileRef = 180913181F7EAADE00970F86 /* Assets.xcassets */; };
		1809131C1F7EAADE00970F86 /* LaunchScreen.storyboard in Resources */ = {isa = PBXBuildFile; fileRef = 1809131A1F7EAADE00970F86 /* LaunchScreen.storyboard */; };
/* End PBXBuildFile section */

/* Begin PBXFileReference section */
		1809130E1F7EAADE00970F86 /* Shop-Cart.app */ = {isa = PBXFileReference; explicitFileType = wrapper.application; includeInIndex = 0; path = "Shop-Cart.app"; sourceTree = BUILT_PRODUCTS_DIR; };
		180913111F7EAADE00970F86 /* AppDelegate.swift */ = {isa = PBXFileReference; lastKnownFileType = sourcecode.swift; path = AppDelegate.swift; sourceTree = "<group>"; };
		180913131F7EAADE00970F86 /* ViewController.swift */ = {isa = PBXFileReference; lastKnownFileType = sourcecode.swift; path = ViewController.swift; sourceTree = "<group>"; };
		180913161F7EAADE00970F86 /* Base */ = {isa = PBXFileReference; lastKnownFileType = file.storyboard; name = Base; path = Base.lproj/Main.storyboard; sourceTree = "<group>"; };
		180913181F7EAADE00970F86 /* Assets.xcassets */ = {isa = PBXFileReference; lastKnownFileType = folder.assetcatalog; path = Assets.xcassets; sourceTree = "<group>"; };
		1809131B1F7EAADE00970F86 /* Base */ = {isa = PBXFileReference; lastKnownFileType = file.storyboard; name = Base; path = Base.lproj/LaunchScreen.storyboard; sourceTree = "<group>"; };
		1809131D1F7EAADE00970F86 /* Info.plist */ = {isa = PBXFileReference; lastKnownFileType = text.plist.xml; path = Info.plist; sourceTree = "<group>"; };
/* End PBXFileReference section */

/* Begin PBXFrameworksBuildPhase section */
		1809130B1F7EAADE00970F86 /* Frameworks */ = {
			isa = PBXFrameworksBuildPhase;
			buildActionMask = 2147483647;
			files = (
			);
			runOnlyForDeploymentPostprocessing = 0;
		};
/* End PBXFrameworksBuildPhase section */

/* Begin PBXGroup section */
		180913051F7EAADE00970F86 = {
			isa = PBXGroup;
			children = (
				180913101F7EAADE00970F86 /* Shop-Cart */,
				1809130F1F7EAADE00970F86 /* Products */,
			);
			sourceTree = "<group>";
		};
		1809130F1F7EAADE00970F86 /* Products */ = {
			isa = PBXGroup;
			children = (
				1809130E1F7EAADE00970F86 /* Shop-Cart.app */,
			);
			name = Products;
			sourceTree = "<group>";
		};
		180913101F7EAADE00970F86 /* Shop-Cart */ = {
			isa = PBXGroup;
			children = (
				180913111F7EAADE00970F86 /* AppDelegate.swift */,
				180913131F7EAADE00970F86 /* ViewController.swift */,
				180913151F7EAADE00970F86 /* Main.storyboard */,
				180913181F7EAADE00970F86 /* Assets.xcassets */,
				1809131A1F7EAADE00970F86 /* LaunchScreen.storyboard */,
				1809131D1F7EAADE00970F86 /* Info.plist */,
			);
			path = "Shop-Cart";
			sourceTree = "<group>";
		};
/* End PBXGroup section */

/* Begin PBXNativeTarget section */
		1809130D1F7EAADE00970F86 /* Shop-Cart */ = {
			isa = PBXNativeTarget;
			buildConfigurationList = 180913201F7EAADE00970F86 /* Build configuration list for PBXNativeTarget "Shop-Cart" */;
			buildPhases = (
				1809130A1F7EAADE00970F86 /* Sources */,
				1809130B1F7EAADE00970F86 /* Frameworks */,
				1809130C1F7EAADE00970F86 /* Resources */,
			);
			buildRules = (
			);
			dependencies = (
			);
			name = "Shop-Cart";
			productName = "Shop-Cart";
			productReference = 1809130E1F7EAADE00970F86 /* Shop-Cart.app */;
			productType = "com.apple.product-type.application";
		};
/* End PBXNativeTarget section */

/* Begin PBXProject section */
		180913061F7EAADE00970F86 /* Project object */ = {
			isa = PBXProject;
			attributes = {
				LastSwiftUpdateCheck = 0830;
				LastUpgradeCheck = 0830;
				ORGANIZATIONNAME = newra;
				TargetAttributes = {
					1809130D1F7EAADE00970F86 = {
						CreatedOnToolsVersion = 8.3.3;
						ProvisioningStyle = Automatic;
					};
				};
			};
			buildConfigurationList = 180913091F7EAADE00970F86 /* Build configuration list for PBXProject "Shop-Cart" */;
			compatibilityVersion = "Xcode 3.2";
			developmentRegion = English;
			hasScannedForEncodings = 0;
			knownRegions = (
				en,
				Base,
			);
			mainGroup = 180913051F7EAADE00970F86;
			productRefGroup = 1809130F1F7EAADE00970F86 /* Products */;
			projectDirPath = "";
			projectRoot = "";
			targets = (
				1809130D1F7EAADE00970F86 /* Shop-Cart */,
			);
		};
/* End PBXProject section */

/* Begin PBXResourcesBuildPhase section */
		1809130C1F7EAADE00970F86 /* Resources */ = {
			isa = PBXResourcesBuildPhase;
			buildActionMask = 2147483647;
			files = (
				1809131C1F7EAADE00970F86 /* LaunchScreen.storyboard in Resources */,
				180913191F7EAADE00970F86 /* Assets.xcassets in Resources */,
				180913171F7EAADE00970F86 /* Main.storyboard in Resources */,
			);
			runOnlyForDeploymentPostprocessing = 0;
		};
/* End PBXResourcesBuildPhase section */

/* Begin PBXSourcesBuildPhase section */
		1809130A1F7EAADE00970F86 /* Sources */ = {
			isa = PBXSourcesBuildPhase;
			buildActionMask = 2147483647;
			files = (
				180913141F7EAADE00970F86 /* ViewController.swift in Sources */,
				180913121F7EAADE00970F86 /* AppDelegate.swift in Sources */,
			);
			runOnlyForDeploymentPostprocessing = 0;
		};
/* End PBXSourcesBuildPhase section */

/* Begin PBXVariantGroup section */
		180913151F7EAADE00970F86 /* Main.storyboard */ = {
			isa = PBXVariantGroup;
			children = (
				180913161F7EAADE00970F86 /* Base */,
			);
			name = Main.storyboard;
			sourceTree = "<group>";
		};
		1809131A1F7EAADE00970F86 /* LaunchScreen.storyboard */ = {
			isa = PBXVariantGroup;
			children = (
				1809131B1F7EAADE00970F86 /* Base */,
			);
			name = LaunchScreen.storyboard;
			sourceTree = "<group>";
		};
/* End PBXVariantGroup section */

/* Begin XCBuildConfiguration section */
		1809131E1F7EAADE00970F86 /* Debug */ = {
			isa = XCBuildConfiguration;
			buildSettings = {
				ALWAYS_SEARCH_USER_PATHS = NO;
				CLANG_ANALYZER_NONNULL = YES;
				CLANG_ANALYZER_NUMBER_OBJECT_CONVERSION = YES_AGGRESSIVE;
				CLANG_CXX_LANGUAGE_STANDARD = "gnu++0x";
				CLANG_CXX_LIBRARY = "libc++";
				CLANG_ENABLE_MODULES = YES;
				CLANG_ENABLE_OBJC_ARC = YES;
				CLANG_WARN_BOOL_CONVERSION = YES;
				CLANG_WARN_CONSTANT_CONVERSION = YES;
				CLANG_WARN_DIRECT_OBJC_ISA_USAGE = YES_ERROR;
				CLANG_WARN_DOCUMENTATION_COMMENTS = YES;
				CLANG_WARN_EMPTY_BODY = YES;
				CLANG_WARN_ENUM_CONVERSION = YES;
				CLANG_WARN_INFINITE_RECURSION = YES;
				CLANG_WARN_INT_CONVERSION = YES;
				CLANG_WARN_OBJC_ROOT_CLASS = YES_ERROR;
				CLANG_WARN_SUSPICIOUS_MOVE = YES;
				CLANG_WARN_UNREACHABLE_CODE = YES;
				CLANG_WARN__DUPLICATE_METHOD_MATCH = YES;
				"CODE_SIGN_IDENTITY[sdk=iphoneos*]" = "iPhone Developer";
				COPY_PHASE_STRIP = NO;
				DEBUG_INFORMATION_FORMAT = dwarf;
				ENABLE_STRICT_OBJC_MSGSEND = YES;
				ENABLE_TESTABILITY = YES;
				GCC_C_LANGUAGE_STANDARD = gnu99;
				GCC_DYNAMIC_NO_PIC = NO;
				GCC_NO_COMMON_BLOCKS = YES;
				GCC_OPTIMIZATION_LEVEL = 0;
				GCC_PREPROCESSOR_DEFINITIONS = (
					"DEBUG=1",
					"$(inherited)",
				);
				GCC_WARN_64_TO_32_BIT_CONVERSION = YES;
				GCC_WARN_ABOUT_RETURN_TYPE = YES_ERROR;
				GCC_WARN_UNDECLARED_SELECTOR = YES;
				GCC_WARN_UNINITIALIZED_AUTOS = YES_AGGRESSIVE;
				GCC_WARN_UNUSED_FUNCTION = YES;
				GCC_WARN_UNUSED_VARIABLE = YES;
				IPHONEOS_DEPLOYMENT_TARGET = 10.3;
				MTL_ENABLE_DEBUG_INFO = YES;
				ONLY_ACTIVE_ARCH = YES;
				SDKROOT = iphoneos;
				SWIFT_ACTIVE_COMPILATION_CONDITIONS = DEBUG;
				SWIFT_OPTIMIZATION_LEVEL = "-Onone";
			};
			name = Debug;
		};
		1809131F1F7EAADE00970F86 /* Release */ = {
			isa = XCBuildConfiguration;
			buildSettings = {
				ALWAYS_SEARCH_USER_PATHS = NO;
				CLANG_ANALYZER_NONNULL = YES;
				CLANG_ANALYZER_NUMBER_OBJECT_CONVERSION = YES_AGGRESSIVE;
				CLANG_CXX_LANGUAGE_STANDARD = "gnu++0x";
				CLANG_CXX_LIBRARY = "libc++";
				CLANG_ENABLE_MODULES = YES;
				CLANG_ENABLE_OBJC_ARC = YES;
				CLANG_WARN_BOOL_CONVERSION = YES;
				CLANG_WARN_CONSTANT_CONVERSION = YES;
				CLANG_WARN_DIRECT_OBJC_ISA_USAGE = YES_ERROR;
				CLANG_WARN_DOCUMENTATION_COMMENTS = YES;
				CLANG_WARN_EMPTY_BODY = YES;
				CLANG_WARN_ENUM_CONVERSION = YES;
				CLANG_WARN_INFINITE_RECURSION = YES;
				CLANG_WARN_INT_CONVERSION = YES;
				CLANG_WARN_OBJC_ROOT_CLASS = YES_ERROR;
				CLANG_WARN_SUSPICIOUS_MOVE = YES;
				CLANG_WARN_UNREACHABLE_CODE = YES;
				CLANG_WARN__DUPLICATE_METHOD_MATCH = YES;
				"CODE_SIGN_IDENTITY[sdk=iphoneos*]" = "iPhone Developer";
				COPY_PHASE_STRIP = NO;
				DEBUG_INFORMATION_FORMAT = "dwarf-with-dsym";
				ENABLE_NS_ASSERTIONS = NO;
				ENABLE_STRICT_OBJC_MSGSEND = YES;
				GCC_C_LANGUAGE_STANDARD = gnu99;
				GCC_NO_COMMON_BLOCKS = YES;
				GCC_WARN_64_TO_32_BIT_CONVERSION = YES;
				GCC_WARN_ABOUT_RETURN_TYPE = YES_ERROR;
				GCC_WARN_UNDECLARED_SELECTOR = YES;
				GCC_WARN_UNINITIALIZED_AUTOS = YES_AGGRESSIVE;
				GCC_WARN_UNUSED_FUNCTION = YES;
				GCC_WARN_UNUSED_VARIABLE = YES;
				IPHONEOS_DEPLOYMENT_TARGET = 10.3;
				MTL_ENABLE_DEBUG_INFO = NO;
				SDKROOT = iphoneos;
				SWIFT_OPTIMIZATION_LEVEL = "-Owholemodule";
				VALIDATE_PRODUCT = YES;
			};
			name = Release;
		};
		180913211F7EAADE00970F86 /* Debug */ = {
			isa = XCBuildConfiguration;
			buildSettings = {
				ASSETCATALOG_COMPILER_APPICON_NAME = AppIcon;
				INFOPLIST_FILE = "Shop-Cart/Info.plist";
				LD_RUNPATH_SEARCH_PATHS = "$(inherited) @executable_path/Frameworks";
				PRODUCT_BUNDLE_IDENTIFIER = "com.newra.Shop-Cart";
				PRODUCT_NAME = "$(TARGET_NAME)";
				SWIFT_VERSION = 3.0;
			};
			name = Debug;
		};
		180913221F7EAADE00970F86 /* Release */ = {
			isa = XCBuildConfiguration;
			buildSettings = {
				ASSETCATALOG_COMPILER_APPICON_NAME = AppIcon;
				INFOPLIST_FILE = "Shop-Cart/Info.plist";
				LD_RUNPATH_SEARCH_PATHS = "$(inherited) @executable_path/Frameworks";
				PRODUCT_BUNDLE_IDENTIFIER = "com.newra.Shop-Cart";
				PRODUCT_NAME = "$(TARGET_NAME)";
				SWIFT_VERSION = 3.0;
			};
			name = Release;
		};
/* End XCBuildConfiguration section */

/* Begin XCConfigurationList section */
		180913091F7EAADE00970F86 /* Build configuration list for PBXProject "Shop-Cart" */ = {
			isa = XCConfigurationList;
			buildConfigurations = (
				1809131E1F7EAADE00970F86 /* Debug */,
				1809131F1F7EAADE00970F86 /* Release */,
			);
			defaultConfigurationIsVisible = 0;
			defaultConfigurationName = Release;
		};
		180913201F7EAADE00970F86 /* Build configuration list for PBXNativeTarget "Shop-Cart" */ = {
			isa = XCConfigurationList;
			buildConfigurations = (
				180913211F7EAADE00970F86 /* Debug */,
				180913221F7EAADE00970F86 /* Release */,
			);
			defaultConfigurationIsVisible = 0;
		};
/* End XCConfigurationList section */
	};
	rootObject = 180913061F7EAADE00970F86 /* Project object */;
}
